
Microsoft Visual Studio Solution File, Format Version 12.00
# Visual Studio Version 16
VisualStudioVersion = 16.0.31005.135
MinimumVisualStudioVersion = 10.0.40219.1
Project("{9A19103F-16F7-4668-BE54-9A1E7A4F7556}") = "Tapeti.Annotations", "Tapeti.Annotations\Tapeti.Annotations.csproj", "{A2FE9C0A-ACE7-4B8C-86AE-335DD6E0F503}"
EndProject
Global
	GlobalSection(SolutionConfigurationPlatforms) = preSolution
		Debug|Any CPU = Debug|Any CPU
		Release|Any CPU = Release|Any CPU
	EndGlobalSection
	GlobalSection(ProjectConfigurationPlatforms) = postSolution
		{A2FE9C0A-ACE7-4B8C-86AE-335DD6E0F503}.Debug|Any CPU.ActiveCfg = Debug|Any CPU
		{A2FE9C0A-ACE7-4B8C-86AE-335DD6E0F503}.Debug|Any CPU.Build.0 = Debug|Any CPU
		{A2FE9C0A-ACE7-4B8C-86AE-335DD6E0F503}.Release|Any CPU.ActiveCfg = Release|Any CPU
		{A2FE9C0A-ACE7-4B8C-86AE-335DD6E0F503}.Release|Any CPU.Build.0 = Release|Any CPU
	EndGlobalSection
	GlobalSection(SolutionProperties) = preSolution
		HideSolutionNode = FALSE
	EndGlobalSection
	GlobalSection(ExtensibilityGlobals) = postSolution
		SolutionGuid = {F7EE3E42-71E5-4ACA-B94C-3900898DEBFA}
	EndGlobalSection
EndGlobal
